
Microsoft Visual Studio Solution File, Format Version 12.00
# Visual Studio Version 17
VisualStudioVersion = 17.7.34031.279
MinimumVisualStudioVersion = 10.0.40219.1
Project("{FAE04EC0-301F-11D3-BF4B-00C04F79EFBC}") = "lab11Chernyshenko", "lab11Chernyshenko\lab11Chernyshenko.csproj", "{DBD09D03-6678-4875-97CD-D561FEA08163}"
EndProject
Global
	GlobalSection(SolutionConfigurationPlatforms) = preSolution
		Debug|Any CPU = Debug|Any CPU
		Release|Any CPU = Release|Any CPU
	EndGlobalSection
	GlobalSection(ProjectConfigurationPlatforms) = postSolution
		{DBD09D03-6678-4875-97CD-D561FEA08163}.Debug|Any CPU.ActiveCfg = Debug|Any CPU
		{DBD09D03-6678-4875-97CD-D561FEA08163}.Debug|Any CPU.Build.0 = Debug|Any CPU
		{DBD09D03-6678-4875-97CD-D561FEA08163}.Release|Any CPU.ActiveCfg = Release|Any CPU
		{DBD09D03-6678-4875-97CD-D561FEA08163}.Release|Any CPU.Build.0 = Release|Any CPU
	EndGlobalSection
	GlobalSection(SolutionProperties) = preSolution
		HideSolutionNode = FALSE
	EndGlobalSection
	GlobalSection(ExtensibilityGlobals) = postSolution
		SolutionGuid = {2CED01F4-641E-4DA1-9417-B5ACF4ED7F8F}
	EndGlobalSection
EndGlobal
